
Microsoft Visual Studio Solution File, Format Version 12.00
# Visual Studio Version 17
VisualStudioVersion = 17.14.36429.23 d17.14
MinimumVisualStudioVersion = 10.0.40219.1
Project("{F184B08F-C81C-45F6-A57F-5ABD9991F28F}") = "Arithmetic@", "Arithmetic@.vbproj", "{23644D38-4B1F-40CD-BA2A-A694EA7568D6}"
EndProject
Global
	GlobalSection(SolutionConfigurationPlatforms) = preSolution
		Debug|Any CPU = Debug|Any CPU
		Release|Any CPU = Release|Any CPU
	EndGlobalSection
	GlobalSection(ProjectConfigurationPlatforms) = postSolution
		{23644D38-4B1F-40CD-BA2A-A694EA7568D6}.Debug|Any CPU.ActiveCfg = Debug|Any CPU
		{23644D38-4B1F-40CD-BA2A-A694EA7568D6}.Debug|Any CPU.Build.0 = Debug|Any CPU
		{23644D38-4B1F-40CD-BA2A-A694EA7568D6}.Release|Any CPU.ActiveCfg = Release|Any CPU
		{23644D38-4B1F-40CD-BA2A-A694EA7568D6}.Release|Any CPU.Build.0 = Release|Any CPU
	EndGlobalSection
	GlobalSection(SolutionProperties) = preSolution
		HideSolutionNode = FALSE
	EndGlobalSection
	GlobalSection(ExtensibilityGlobals) = postSolution
		SolutionGuid = {703C7F36-A81A-4D02-8FFF-F5C4D1311D2C}
	EndGlobalSection
EndGlobal
