
Microsoft Visual Studio Solution File, Format Version 12.00
# Visual Studio Version 17
VisualStudioVersion = 17.14.36429.23 d17.14
MinimumVisualStudioVersion = 10.0.40219.1
Project("{F184B08F-C81C-45F6-A57F-5ABD9991F28F}") = "IF1", "IF1.vbproj", "{AC62E16A-CAFD-4815-A892-3B394A467903}"
EndProject
Global
	GlobalSection(SolutionConfigurationPlatforms) = preSolution
		Debug|Any CPU = Debug|Any CPU
		Release|Any CPU = Release|Any CPU
	EndGlobalSection
	GlobalSection(ProjectConfigurationPlatforms) = postSolution
		{AC62E16A-CAFD-4815-A892-3B394A467903}.Debug|Any CPU.ActiveCfg = Debug|Any CPU
		{AC62E16A-CAFD-4815-A892-3B394A467903}.Debug|Any CPU.Build.0 = Debug|Any CPU
		{AC62E16A-CAFD-4815-A892-3B394A467903}.Release|Any CPU.ActiveCfg = Release|Any CPU
		{AC62E16A-CAFD-4815-A892-3B394A467903}.Release|Any CPU.Build.0 = Release|Any CPU
	EndGlobalSection
	GlobalSection(SolutionProperties) = preSolution
		HideSolutionNode = FALSE
	EndGlobalSection
	GlobalSection(ExtensibilityGlobals) = postSolution
		SolutionGuid = {14C6044A-B3A1-4FD8-87F3-F4673C9CE8D3}
	EndGlobalSection
EndGlobal
